
Microsoft Visual Studio Solution File, Format Version 12.00
# Visual Studio 15
VisualStudioVersion = 15.0.27428.2015
MinimumVisualStudioVersion = 10.0.40219.1
Project("{888888A0-9F3D-457C-B088-3A5042F75D52}") = "Question6", "Question6\Question6.pyproj", "{39CE9D2D-376E-4748-94C7-EC1263D33975}"
EndProject
Global
	GlobalSection(SolutionConfigurationPlatforms) = preSolution
		Debug|Any CPU = Debug|Any CPU
		Release|Any CPU = Release|Any CPU
	EndGlobalSection
	GlobalSection(ProjectConfigurationPlatforms) = postSolution
		{39CE9D2D-376E-4748-94C7-EC1263D33975}.Debug|Any CPU.ActiveCfg = Debug|Any CPU
		{39CE9D2D-376E-4748-94C7-EC1263D33975}.Release|Any CPU.ActiveCfg = Release|Any CPU
	EndGlobalSection
	GlobalSection(SolutionProperties) = preSolution
		HideSolutionNode = FALSE
	EndGlobalSection
	GlobalSection(ExtensibilityGlobals) = postSolution
		SolutionGuid = {220A120D-45DA-4568-806E-773B8812B2C6}
	EndGlobalSection
EndGlobal
